
Microsoft Visual Studio Solution File, Format Version 12.00
# Visual Studio Version 16
VisualStudioVersion = 16.0.34301.259
MinimumVisualStudioVersion = 10.0.40219.1
Project("{F184B08F-C81C-45F6-A57F-5ABD9991F28F}") = "MyConnectionSQL", "MyConnectionSQL\MyConnectionSQL.vbproj", "{3D57E4C2-03BE-445C-B11B-CAAA7350549E}"
EndProject
Global
	GlobalSection(SolutionConfigurationPlatforms) = preSolution
		Debug|Any CPU = Debug|Any CPU
		Release|Any CPU = Release|Any CPU
	EndGlobalSection
	GlobalSection(ProjectConfigurationPlatforms) = postSolution
		{3D57E4C2-03BE-445C-B11B-CAAA7350549E}.Debug|Any CPU.ActiveCfg = Debug|Any CPU
		{3D57E4C2-03BE-445C-B11B-CAAA7350549E}.Debug|Any CPU.Build.0 = Debug|Any CPU
		{3D57E4C2-03BE-445C-B11B-CAAA7350549E}.Release|Any CPU.ActiveCfg = Release|Any CPU
		{3D57E4C2-03BE-445C-B11B-CAAA7350549E}.Release|Any CPU.Build.0 = Release|Any CPU
	EndGlobalSection
	GlobalSection(SolutionProperties) = preSolution
		HideSolutionNode = FALSE
	EndGlobalSection
	GlobalSection(ExtensibilityGlobals) = postSolution
		SolutionGuid = {3D3FEE12-4B19-4A7B-8D50-40396DEA348F}
	EndGlobalSection
EndGlobal
